
Microsoft Visual Studio Solution File, Format Version 12.00
# Visual Studio Version 18
VisualStudioVersion = 18.2.11415.280 d18.0
MinimumVisualStudioVersion = 10.0.40219.1
Project("{FAE04EC0-301F-11D3-BF4B-00C04F79EFBC}") = "ticket 17 app pra b2", "ticket 17 app pra b2.csproj", "{C045EE1C-A46A-1C97-29C2-289241AA341C}"
EndProject
Global
	GlobalSection(SolutionConfigurationPlatforms) = preSolution
		Debug|Any CPU = Debug|Any CPU
		Release|Any CPU = Release|Any CPU
	EndGlobalSection
	GlobalSection(ProjectConfigurationPlatforms) = postSolution
		{C045EE1C-A46A-1C97-29C2-289241AA341C}.Debug|Any CPU.ActiveCfg = Debug|Any CPU
		{C045EE1C-A46A-1C97-29C2-289241AA341C}.Debug|Any CPU.Build.0 = Debug|Any CPU
		{C045EE1C-A46A-1C97-29C2-289241AA341C}.Release|Any CPU.ActiveCfg = Release|Any CPU
		{C045EE1C-A46A-1C97-29C2-289241AA341C}.Release|Any CPU.Build.0 = Release|Any CPU
	EndGlobalSection
	GlobalSection(SolutionProperties) = preSolution
		HideSolutionNode = FALSE
	EndGlobalSection
	GlobalSection(ExtensibilityGlobals) = postSolution
		SolutionGuid = {1B8BC741-4C50-4E20-82D2-8CAB07304B2F}
	EndGlobalSection
EndGlobal
